// !$*UTF8*$!
{
	archiveVersion = 1;
	classes = {
	};
	objectVersion = 77;
	objects = {

/* Begin PBXBuildFile section */
		CC003BAE2E959782003C6EC3 /* FirebaseAuth in Frameworks */ = {isa = PBXBuildFile; productRef = CC003BAD2E959782003C6EC3 /* FirebaseAuth */; };
		CC003BB02E959782003C6EC3 /* FirebaseFirestore in Frameworks */ = {isa = PBXBuildFile; productRef = CC003BAF2E959782003C6EC3 /* FirebaseFirestore */; };
		CC003BB22E959782003C6EC3 /* FirebaseStorage in Frameworks */ = {isa = PBXBuildFile; productRef = CC003BB12E959782003C6EC3 /* FirebaseStorage */; };
/* End PBXBuildFile section */

/* Begin PBXContainerItemProxy section */
		CC003B772E9593EA003C6EC3 /* PBXContainerItemProxy */ = {
			isa = PBXContainerItemProxy;
			containerPortal = CC003B582E9593E8003C6EC3 /* Project object */;
			proxyType = 1;
			remoteGlobalIDString = CC003B5F2E9593E8003C6EC3;
			remoteInfo = locomi_v2;
		};
		CC003B812E9593EA003C6EC3 /* PBXContainerItemProxy */ = {
			isa = PBXContainerItemProxy;
			containerPortal = CC003B582E9593E8003C6EC3 /* Project object */;
			proxyType = 1;
			remoteGlobalIDString = CC003B5F2E9593E8003C6EC3;
			remoteInfo = locomi_v2;
		};
/* End PBXContainerItemProxy section */

/* Begin PBXFileReference section */
		CC003B602E9593E8003C6EC3 /* locomi_v2.app */ = {isa = PBXFileReference; explicitFileType = wrapper.application; includeInIndex = 0; path = locomi_v2.app; sourceTree = BUILT_PRODUCTS_DIR; };
		CC003B762E9593EA003C6EC3 /* locomi_v2Tests.xctest */ = {isa = PBXFileReference; explicitFileType = wrapper.cfbundle; includeInIndex = 0; path = locomi_v2Tests.xctest; sourceTree = BUILT_PRODUCTS_DIR; };
		CC003B802E9593EA003C6EC3 /* locomi_v2UITests.xctest */ = {isa = PBXFileReference; explicitFileType = wrapper.cfbundle; includeInIndex = 0; path = locomi_v2UITests.xctest; sourceTree = BUILT_PRODUCTS_DIR; };
/* End PBXFileReference section */

/* Begin PBXFileSystemSynchronizedBuildFileExceptionSet section */
		CC003B882E9593EA003C6EC3 /* Exceptions for "locomi_v2" folder in "locomi_v2" target */ = {
			isa = PBXFileSystemSynchronizedBuildFileExceptionSet;
			membershipExceptions = (
				Info.plist,
			);
			target = CC003B5F2E9593E8003C6EC3 /* locomi_v2 */;
		};
/* End PBXFileSystemSynchronizedBuildFileExceptionSet section */

/* Begin PBXFileSystemSynchronizedRootGroup section */
		CC003B622E9593E8003C6EC3 /* locomi_v2 */ = {
			isa = PBXFileSystemSynchronizedRootGroup;
			exceptions = (
				CC003B882E9593EA003C6EC3 /* Exceptions for "locomi_v2" folder in "locomi_v2" target */,
			);
			path = locomi_v2;
			sourceTree = "<group>";
		};
		CC003B792E9593EA003C6EC3 /* locomi_v2Tests */ = {
			isa = PBXFileSystemSynchronizedRootGroup;
			path = locomi_v2Tests;
			sourceTree = "<group>";
		};
		CC003B832E9593EA003C6EC3 /* locomi_v2UITests */ = {
			isa = PBXFileSystemSynchronizedRootGroup;
			path = locomi_v2UITests;
			sourceTree = "<group>";
		};
/* End PBXFileSystemSynchronizedRootGroup section */

/* Begin PBXFrameworksBuildPhase section */
		CC003B5D2E9593E8003C6EC3 /* Frameworks */ = {
			isa = PBXFrameworksBuildPhase;
			buildActionMask = 2147483647;
			files = (
				CC003BAE2E959782003C6EC3 /* FirebaseAuth in Frameworks */,
				CC003BB02E959782003C6EC3 /* FirebaseFirestore in Frameworks */,
				CC003BB22E959782003C6EC3 /* FirebaseStorage in Frameworks */,
			);
			runOnlyForDeploymentPostprocessing = 0;
		};
		CC003B732E9593EA003C6EC3 /* Frameworks */ = {
			isa = PBXFrameworksBuildPhase;
			buildActionMask = 2147483647;
			files = (
			);
			runOnlyForDeploymentPostprocessing = 0;
		};
		CC003B7D2E9593EA003C6EC3 /* Frameworks */ = {
			isa = PBXFrameworksBuildPhase;
			buildActionMask = 2147483647;
			files = (
			);
			runOnlyForDeploymentPostprocessing = 0;
		};
/* End PBXFrameworksBuildPhase section */

/* Begin PBXGroup section */
		CC003B572E9593E8003C6EC3 = {
			isa = PBXGroup;
			children = (
				CC003B622E9593E8003C6EC3 /* locomi_v2 */,
				CC003B792E9593EA003C6EC3 /* locomi_v2Tests */,
				CC003B832E9593EA003C6EC3 /* locomi_v2UITests */,
				CC003B612E9593E8003C6EC3 /* Products */,
			);
			sourceTree = "<group>";
		};
		CC003B612E9593E8003C6EC3 /* Products */ = {
			isa = PBXGroup;
			children = (
				CC003B602E9593E8003C6EC3 /* locomi_v2.app */,
				CC003B762E9593EA003C6EC3 /* locomi_v2Tests.xctest */,
				CC003B802E9593EA003C6EC3 /* locomi_v2UITests.xctest */,
			);
			name = Products;
			sourceTree = "<group>";
		};
/* End PBXGroup section */

/* Begin PBXNativeTarget section */
		CC003B5F2E9593E8003C6EC3 /* locomi_v2 */ = {
			isa = PBXNativeTarget;
			buildConfigurationList = CC003B892E9593EA003C6EC3 /* Build configuration list for PBXNativeTarget "locomi_v2" */;
			buildPhases = (
				CC003B5C2E9593E8003C6EC3 /* Sources */,
				CC003B5D2E9593E8003C6EC3 /* Frameworks */,
				CC003B5E2E9593E8003C6EC3 /* Resources */,
			);
			buildRules = (
			);
			dependencies = (
			);
			fileSystemSynchronizedGroups = (
				CC003B622E9593E8003C6EC3 /* locomi_v2 */,
			);
			name = locomi_v2;
			packageProductDependencies = (
				CC003BAD2E959782003C6EC3 /* FirebaseAuth */,
				CC003BAF2E959782003C6EC3 /* FirebaseFirestore */,
				CC003BB12E959782003C6EC3 /* FirebaseStorage */,
			);
			productName = locomi_v2;
			productReference = CC003B602E9593E8003C6EC3 /* locomi_v2.app */;
			productType = "com.apple.product-type.application";
		};
		CC003B752E9593EA003C6EC3 /* locomi_v2Tests */ = {
			isa = PBXNativeTarget;
			buildConfigurationList = CC003B8E2E9593EA003C6EC3 /* Build configuration list for PBXNativeTarget "locomi_v2Tests" */;
			buildPhases = (
				CC003B722E9593EA003C6EC3 /* Sources */,
				CC003B732E9593EA003C6EC3 /* Frameworks */,
				CC003B742E9593EA003C6EC3 /* Resources */,
			);
			buildRules = (
			);
			dependencies = (
				CC003B782E9593EA003C6EC3 /* PBXTargetDependency */,
			);
			fileSystemSynchronizedGroups = (
				CC003B792E9593EA003C6EC3 /* locomi_v2Tests */,
			);
			name = locomi_v2Tests;
			packageProductDependencies = (
			);
			productName = locomi_v2Tests;
			productReference = CC003B762E9593EA003C6EC3 /* locomi_v2Tests.xctest */;
			productType = "com.apple.product-type.bundle.unit-test";
		};
		CC003B7F2E9593EA003C6EC3 /* locomi_v2UITests */ = {
			isa = PBXNativeTarget;
			buildConfigurationList = CC003B912E9593EA003C6EC3 /* Build configuration list for PBXNativeTarget "locomi_v2UITests" */;
			buildPhases = (
				CC003B7C2E9593EA003C6EC3 /* Sources */,
				CC003B7D2E9593EA003C6EC3 /* Frameworks */,
				CC003B7E2E9593EA003C6EC3 /* Resources */,
			);
			buildRules = (
			);
			dependencies = (
				CC003B822E9593EA003C6EC3 /* PBXTargetDependency */,
			);
			fileSystemSynchronizedGroups = (
				CC003B832E9593EA003C6EC3 /* locomi_v2UITests */,
			);
			name = locomi_v2UITests;
			packageProductDependencies = (
			);
			productName = locomi_v2UITests;
			productReference = CC003B802E9593EA003C6EC3 /* locomi_v2UITests.xctest */;
			productType = "com.apple.product-type.bundle.ui-testing";
		};
/* End PBXNativeTarget section */

/* Begin PBXProject section */
		CC003B582E9593E8003C6EC3 /* Project object */ = {
			isa = PBXProject;
			attributes = {
				BuildIndependentTargetsInParallel = 1;
				LastSwiftUpdateCheck = 1640;
				LastUpgradeCheck = 1640;
				TargetAttributes = {
					CC003B5F2E9593E8003C6EC3 = {
						CreatedOnToolsVersion = 16.4;
					};
					CC003B752E9593EA003C6EC3 = {
						CreatedOnToolsVersion = 16.4;
						TestTargetID = CC003B5F2E9593E8003C6EC3;
					};
					CC003B7F2E9593EA003C6EC3 = {
						CreatedOnToolsVersion = 16.4;
						TestTargetID = CC003B5F2E9593E8003C6EC3;
					};
				};
			};
			buildConfigurationList = CC003B5B2E9593E8003C6EC3 /* Build configuration list for PBXProject "locomi_v2" */;
			developmentRegion = en;
			hasScannedForEncodings = 0;
			knownRegions = (
				en,
				Base,
			);
			mainGroup = CC003B572E9593E8003C6EC3;
			minimizedProjectReferenceProxies = 1;
			packageReferences = (
				CC003BAC2E959782003C6EC3 /* XCRemoteSwiftPackageReference "firebase-ios-sdk" */,
			);
			preferredProjectObjectVersion = 77;
			productRefGroup = CC003B612E9593E8003C6EC3 /* Products */;
			projectDirPath = "";
			projectRoot = "";
			targets = (
				CC003B5F2E9593E8003C6EC3 /* locomi_v2 */,
				CC003B752E9593EA003C6EC3 /* locomi_v2Tests */,
				CC003B7F2E9593EA003C6EC3 /* locomi_v2UITests */,
			);
		};
/* End PBXProject section */

/* Begin PBXResourcesBuildPhase section */
		CC003B5E2E9593E8003C6EC3 /* Resources */ = {
			isa = PBXResourcesBuildPhase;
			buildActionMask = 2147483647;
			files = (
			);
			runOnlyForDeploymentPostprocessing = 0;
		};
		CC003B742E9593EA003C6EC3 /* Resources */ = {
			isa = PBXResourcesBuildPhase;
			buildActionMask = 2147483647;
			files = (
			);
			runOnlyForDeploymentPostprocessing = 0;
		};
		CC003B7E2E9593EA003C6EC3 /* Resources */ = {
			isa = PBXResourcesBuildPhase;
			buildActionMask = 2147483647;
			files = (
			);
			runOnlyForDeploymentPostprocessing = 0;
		};
/* End PBXResourcesBuildPhase section */

/* Begin PBXSourcesBuildPhase section */
		CC003B5C2E9593E8003C6EC3 /* Sources */ = {
			isa = PBXSourcesBuildPhase;
			buildActionMask = 2147483647;
			files = (
			);
			runOnlyForDeploymentPostprocessing = 0;
		};
		CC003B722E9593EA003C6EC3 /* Sources */ = {
			isa = PBXSourcesBuildPhase;
			buildActionMask = 2147483647;
			files = (
			);
			runOnlyForDeploymentPostprocessing = 0;
		};
		CC003B7C2E9593EA003C6EC3 /* Sources */ = {
			isa = PBXSourcesBuildPhase;
			buildActionMask = 2147483647;
			files = (
			);
			runOnlyForDeploymentPostprocessing = 0;
		};
/* End PBXSourcesBuildPhase section */

/* Begin PBXTargetDependency section */
		CC003B782E9593EA003C6EC3 /* PBXTargetDependency */ = {
			isa = PBXTargetDependency;
			target = CC003B5F2E9593E8003C6EC3 /* locomi_v2 */;
			targetProxy = CC003B772E9593EA003C6EC3 /* PBXContainerItemProxy */;
		};
		CC003B822E9593EA003C6EC3 /* PBXTargetDependency */ = {
			isa = PBXTargetDependency;
			target = CC003B5F2E9593E8003C6EC3 /* locomi_v2 */;
			targetProxy = CC003B812E9593EA003C6EC3 /* PBXContainerItemProxy */;
		};
/* End PBXTargetDependency section */

/* Begin XCBuildConfiguration section */
		CC003B8A2E9593EA003C6EC3 /* Debug */ = {
			isa = XCBuildConfiguration;
			buildSettings = {
				ASSETCATALOG_COMPILER_APPICON_NAME = AppIcon;
				ASSETCATALOG_COMPILER_GLOBAL_ACCENT_COLOR_NAME = AccentColor;
				CODE_SIGN_STYLE = Automatic;
				CURRENT_PROJECT_VERSION = 1;
				DEVELOPMENT_TEAM = HWM9A35474;
				GENERATE_INFOPLIST_FILE = YES;
				INFOPLIST_FILE = locomi_v2/Info.plist;
				INFOPLIST_KEY_UIApplicationSupportsIndirectInputEvents = YES;
				INFOPLIST_KEY_UILaunchStoryboardName = LaunchScreen;
				INFOPLIST_KEY_UIMainStoryboardFile = Main;
				INFOPLIST_KEY_UISupportedInterfaceOrientations_iPad = "UIInterfaceOrientationPortrait UIInterfaceOrientationPortraitUpsideDown UIInterfaceOrientationLandscapeLeft UIInterfaceOrientationLandscapeRight";
				INFOPLIST_KEY_UISupportedInterfaceOrientations_iPhone = "UIInterfaceOrientationPortrait UIInterfaceOrientationLandscapeLeft UIInterfaceOrientationLandscapeRight";
				LD_RUNPATH_SEARCH_PATHS = (
					"$(inherited)",
					"@executable_path/Frameworks",
				);
				MARKETING_VERSION = 1.0;
				PRODUCT_BUNDLE_IDENTIFIER = "sogo.locomi-v2";
				PRODUCT_NAME = "$(TARGET_NAME)";
				SWIFT_EMIT_LOC_STRINGS = YES;
				SWIFT_VERSION = 5.0;
				TARGETED_DEVICE_FAMILY = "1,2";
			};
			name = Debug;
		};
		CC003B8B2E9593EA003C6EC3 /* Release */ = {
			isa = XCBuildConfiguration;
			buildSettings = {
				ASSETCATALOG_COMPILER_APPICON_NAME = AppIcon;
				ASSETCATALOG_COMPILER_GLOBAL_ACCENT_COLOR_NAME = AccentColor;
				CODE_SIGN_STYLE = Automatic;
				CURRENT_PROJECT_VERSION = 1;
				DEVELOPMENT_TEAM = HWM9A35474;
				GENERATE_INFOPLIST_FILE = YES;
				INFOPLIST_FILE = locomi_v2/Info.plist;
				INFOPLIST_KEY_UIApplicationSupportsIndirectInputEvents = YES;
				INFOPLIST_KEY_UILaunchStoryboardName = LaunchScreen;
				INFOPLIST_KEY_UIMainStoryboardFile = Main;
				INFOPLIST_KEY_UISupportedInterfaceOrientations_iPad = "UIInterfaceOrientationPortrait UIInterfaceOrientationPortraitUpsideDown UIInterfaceOrientationLandscapeLeft UIInterfaceOrientationLandscapeRight";
				INFOPLIST_KEY_UISupportedInterfaceOrientations_iPhone = "UIInterfaceOrientationPortrait UIInterfaceOrientationLandscapeLeft UIInterfaceOrientationLandscapeRight";
				LD_RUNPATH_SEARCH_PATHS = (
					"$(inherited)",
					"@executable_path/Frameworks",
				);
				MARKETING_VERSION = 1.0;
				PRODUCT_BUNDLE_IDENTIFIER = "sogo.locomi-v2";
				PRODUCT_NAME = "$(TARGET_NAME)";
				SWIFT_EMIT_LOC_STRINGS = YES;
				SWIFT_VERSION = 5.0;
				TARGETED_DEVICE_FAMILY = "1,2";
			};
			name = Release;
		};
		CC003B8C2E9593EA003C6EC3 /* Debug */ = {
			isa = XCBuildConfiguration;
			buildSettings = {
				ALWAYS_SEARCH_USER_PATHS = NO;
				ASSETCATALOG_COMPILER_GENERATE_SWIFT_ASSET_SYMBOL_EXTENSIONS = YES;
				CLANG_ANALYZER_NONNULL = YES;
				CLANG_ANALYZER_NUMBER_OBJECT_CONVERSION = YES_AGGRESSIVE;
				CLANG_CXX_LANGUAGE_STANDARD = "gnu++20";
				CLANG_ENABLE_MODULES = YES;
				CLANG_ENABLE_OBJC_ARC = YES;
				CLANG_ENABLE_OBJC_WEAK = YES;
				CLANG_WARN_BLOCK_CAPTURE_AUTORELEASING = YES;
				CLANG_WARN_BOOL_CONVERSION = YES;
				CLANG_WARN_COMMA = YES;
				CLANG_WARN_CONSTANT_CONVERSION = YES;
				CLANG_WARN_DEPRECATED_OBJC_IMPLEMENTATIONS = YES;
				CLANG_WARN_DIRECT_OBJC_ISA_USAGE = YES_ERROR;
				CLANG_WARN_DOCUMENTATION_COMMENTS = YES;
				CLANG_WARN_EMPTY_BODY = YES;
				CLANG_WARN_ENUM_CONVERSION = YES;
				CLANG_WARN_INFINITE_RECURSION = YES;
				CLANG_WARN_INT_CONVERSION = YES;
				CLANG_WARN_NON_LITERAL_NULL_CONVERSION = YES;
				CLANG_WARN_OBJC_IMPLICIT_RETAIN_SELF = YES;
				CLANG_WARN_OBJC_LITERAL_CONVERSION = YES;
				CLANG_WARN_OBJC_ROOT_CLASS = YES_ERROR;
				CLANG_WARN_QUOTED_INCLUDE_IN_FRAMEWORK_HEADER = YES;
				CLANG_WARN_RANGE_LOOP_ANALYSIS = YES;
				CLANG_WARN_STRICT_PROTOTYPES = YES;
				CLANG_WARN_SUSPICIOUS_MOVE = YES;
				CLANG_WARN_UNGUARDED_AVAILABILITY = YES_AGGRESSIVE;
				CLANG_WARN_UNREACHABLE_CODE = YES;
				CLANG_WARN__DUPLICATE_METHOD_MATCH = YES;
				COPY_PHASE_STRIP = NO;
				DEBUG_INFORMATION_FORMAT = dwarf;
				DEVELOPMENT_TEAM = HWM9A35474;
				ENABLE_STRICT_OBJC_MSGSEND = YES;
				ENABLE_TESTABILITY = YES;
				ENABLE_USER_SCRIPT_SANDBOXING = YES;
				GCC_C_LANGUAGE_STANDARD = gnu17;
				GCC_DYNAMIC_NO_PIC = NO;
				GCC_NO_COMMON_BLOCKS = YES;
				GCC_OPTIMIZATION_LEVEL = 0;
				GCC_PREPROCESSOR_DEFINITIONS = (
					"DEBUG=1",
					"$(inherited)",
				);
				GCC_WARN_64_TO_32_BIT_CONVERSION = YES;
				GCC_WARN_ABOUT_RETURN_TYPE = YES_ERROR;
				GCC_WARN_UNDECLARED_SELECTOR = YES;
				GCC_WARN_UNINITIALIZED_AUTOS = YES_AGGRESSIVE;
				GCC_WARN_UNUSED_FUNCTION = YES;
				GCC_WARN_UNUSED_VARIABLE = YES;
				IPHONEOS_DEPLOYMENT_TARGET = 18.5;
				LOCALIZATION_PREFERS_STRING_CATALOGS = YES;
				MTL_ENABLE_DEBUG_INFO = INCLUDE_SOURCE;
				MTL_FAST_MATH = YES;
				ONLY_ACTIVE_ARCH = YES;
				SDKROOT = iphoneos;
				SWIFT_ACTIVE_COMPILATION_CONDITIONS = "DEBUG $(inherited)";
				SWIFT_OPTIMIZATION_LEVEL = "-Onone";
			};
			name = Debug;
		};
		CC003B8D2E9593EA003C6EC3 /* Release */ = {
			isa = XCBuildConfiguration;
			buildSettings = {
				ALWAYS_SEARCH_USER_PATHS = NO;
				ASSETCATALOG_COMPILER_GENERATE_SWIFT_ASSET_SYMBOL_EXTENSIONS = YES;
				CLANG_ANALYZER_NONNULL = YES;
				CLANG_ANALYZER_NUMBER_OBJECT_CONVERSION = YES_AGGRESSIVE;
				CLANG_CXX_LANGUAGE_STANDARD = "gnu++20";
				CLANG_ENABLE_MODULES = YES;
				CLANG_ENABLE_OBJC_ARC = YES;
				CLANG_ENABLE_OBJC_WEAK = YES;
				CLANG_WARN_BLOCK_CAPTURE_AUTORELEASING = YES;
				CLANG_WARN_BOOL_CONVERSION = YES;
				CLANG_WARN_COMMA = YES;
				CLANG_WARN_CONSTANT_CONVERSION = YES;
				CLANG_WARN_DEPRECATED_OBJC_IMPLEMENTATIONS = YES;
				CLANG_WARN_DIRECT_OBJC_ISA_USAGE = YES_ERROR;
				CLANG_WARN_DOCUMENTATION_COMMENTS = YES;
				CLANG_WARN_EMPTY_BODY = YES;
				CLANG_WARN_ENUM_CONVERSION = YES;
				CLANG_WARN_INFINITE_RECURSION = YES;
				CLANG_WARN_INT_CONVERSION = YES;
				CLANG_WARN_NON_LITERAL_NULL_CONVERSION = YES;
				CLANG_WARN_OBJC_IMPLICIT_RETAIN_SELF = YES;
				CLANG_WARN_OBJC_LITERAL_CONVERSION = YES;
				CLANG_WARN_OBJC_ROOT_CLASS = YES_ERROR;
				CLANG_WARN_QUOTED_INCLUDE_IN_FRAMEWORK_HEADER = YES;
				CLANG_WARN_RANGE_LOOP_ANALYSIS = YES;
				CLANG_WARN_STRICT_PROTOTYPES = YES;
				CLANG_WARN_SUSPICIOUS_MOVE = YES;
				CLANG_WARN_UNGUARDED_AVAILABILITY = YES_AGGRESSIVE;
				CLANG_WARN_UNREACHABLE_CODE = YES;
				CLANG_WARN__DUPLICATE_METHOD_MATCH = YES;
				COPY_PHASE_STRIP = NO;
				DEBUG_INFORMATION_FORMAT = "dwarf-with-dsym";
				DEVELOPMENT_TEAM = HWM9A35474;
				ENABLE_NS_ASSERTIONS = NO;
				ENABLE_STRICT_OBJC_MSGSEND = YES;
				ENABLE_USER_SCRIPT_SANDBOXING = YES;
				GCC_C_LANGUAGE_STANDARD = gnu17;
				GCC_NO_COMMON_BLOCKS = YES;
				GCC_WARN_64_TO_32_BIT_CONVERSION = YES;
				GCC_WARN_ABOUT_RETURN_TYPE = YES_ERROR;
				GCC_WARN_UNDECLARED_SELECTOR = YES;
				GCC_WARN_UNINITIALIZED_AUTOS = YES_AGGRESSIVE;
				GCC_WARN_UNUSED_FUNCTION = YES;
				GCC_WARN_UNUSED_VARIABLE = YES;
				IPHONEOS_DEPLOYMENT_TARGET = 18.5;
				LOCALIZATION_PREFERS_STRING_CATALOGS = YES;
				MTL_ENABLE_DEBUG_INFO = NO;
				MTL_FAST_MATH = YES;
				SDKROOT = iphoneos;
				SWIFT_COMPILATION_MODE = wholemodule;
				VALIDATE_PRODUCT = YES;
			};
			name = Release;
		};
		CC003B8F2E9593EA003C6EC3 /* Debug */ = {
			isa = XCBuildConfiguration;
			buildSettings = {
				BUNDLE_LOADER = "$(TEST_HOST)";
				CODE_SIGN_STYLE = Automatic;
				CURRENT_PROJECT_VERSION = 1;
				DEVELOPMENT_TEAM = HWM9A35474;
				GENERATE_INFOPLIST_FILE = YES;
				IPHONEOS_DEPLOYMENT_TARGET = 18.5;
				MARKETING_VERSION = 1.0;
				PRODUCT_BUNDLE_IDENTIFIER = "sogo.locomi-v2Tests";
				PRODUCT_NAME = "$(TARGET_NAME)";
				SWIFT_EMIT_LOC_STRINGS = NO;
				SWIFT_VERSION = 5.0;
				TARGETED_DEVICE_FAMILY = "1,2";
				TEST_HOST = "$(BUILT_PRODUCTS_DIR)/locomi_v2.app/$(BUNDLE_EXECUTABLE_FOLDER_PATH)/locomi_v2";
			};
			name = Debug;
		};
		CC003B902E9593EA003C6EC3 /* Release */ = {
			isa = XCBuildConfiguration;
			buildSettings = {
				BUNDLE_LOADER = "$(TEST_HOST)";
				CODE_SIGN_STYLE = Automatic;
				CURRENT_PROJECT_VERSION = 1;
				DEVELOPMENT_TEAM = HWM9A35474;
				GENERATE_INFOPLIST_FILE = YES;
				IPHONEOS_DEPLOYMENT_TARGET = 18.5;
				MARKETING_VERSION = 1.0;
				PRODUCT_BUNDLE_IDENTIFIER = "sogo.locomi-v2Tests";
				PRODUCT_NAME = "$(TARGET_NAME)";
				SWIFT_EMIT_LOC_STRINGS = NO;
				SWIFT_VERSION = 5.0;
				TARGETED_DEVICE_FAMILY = "1,2";
				TEST_HOST = "$(BUILT_PRODUCTS_DIR)/locomi_v2.app/$(BUNDLE_EXECUTABLE_FOLDER_PATH)/locomi_v2";
			};
			name = Release;
		};
		CC003B922E9593EA003C6EC3 /* Debug */ = {
			isa = XCBuildConfiguration;
			buildSettings = {
				CODE_SIGN_STYLE = Automatic;
				CURRENT_PROJECT_VERSION = 1;
				DEVELOPMENT_TEAM = HWM9A35474;
				GENERATE_INFOPLIST_FILE = YES;
				MARKETING_VERSION = 1.0;
				PRODUCT_BUNDLE_IDENTIFIER = "sogo.locomi-v2UITests";
				PRODUCT_NAME = "$(TARGET_NAME)";
				SWIFT_EMIT_LOC_STRINGS = NO;
				SWIFT_VERSION = 5.0;
				TARGETED_DEVICE_FAMILY = "1,2";
				TEST_TARGET_NAME = locomi_v2;
			};
			name = Debug;
		};
		CC003B932E9593EA003C6EC3 /* Release */ = {
			isa = XCBuildConfiguration;
			buildSettings = {
				CODE_SIGN_STYLE = Automatic;
				CURRENT_PROJECT_VERSION = 1;
				DEVELOPMENT_TEAM = HWM9A35474;
				GENERATE_INFOPLIST_FILE = YES;
				MARKETING_VERSION = 1.0;
				PRODUCT_BUNDLE_IDENTIFIER = "sogo.locomi-v2UITests";
				PRODUCT_NAME = "$(TARGET_NAME)";
				SWIFT_EMIT_LOC_STRINGS = NO;
				SWIFT_VERSION = 5.0;
				TARGETED_DEVICE_FAMILY = "1,2";
				TEST_TARGET_NAME = locomi_v2;
			};
			name = Release;
		};
/* End XCBuildConfiguration section */

/* Begin XCConfigurationList section */
		CC003B5B2E9593E8003C6EC3 /* Build configuration list for PBXProject "locomi_v2" */ = {
			isa = XCConfigurationList;
			buildConfigurations = (
				CC003B8C2E9593EA003C6EC3 /* Debug */,
				CC003B8D2E9593EA003C6EC3 /* Release */,
			);
			defaultConfigurationIsVisible = 0;
			defaultConfigurationName = Release;
		};
		CC003B892E9593EA003C6EC3 /* Build configuration list for PBXNativeTarget "locomi_v2" */ = {
			isa = XCConfigurationList;
			buildConfigurations = (
				CC003B8A2E9593EA003C6EC3 /* Debug */,
				CC003B8B2E9593EA003C6EC3 /* Release */,
			);
			defaultConfigurationIsVisible = 0;
			defaultConfigurationName = Release;
		};
		CC003B8E2E9593EA003C6EC3 /* Build configuration list for PBXNativeTarget "locomi_v2Tests" */ = {
			isa = XCConfigurationList;
			buildConfigurations = (
				CC003B8F2E9593EA003C6EC3 /* Debug */,
				CC003B902E9593EA003C6EC3 /* Release */,
			);
			defaultConfigurationIsVisible = 0;
			defaultConfigurationName = Release;
		};
		CC003B912E9593EA003C6EC3 /* Build configuration list for PBXNativeTarget "locomi_v2UITests" */ = {
			isa = XCConfigurationList;
			buildConfigurations = (
				CC003B922E9593EA003C6EC3 /* Debug */,
				CC003B932E9593EA003C6EC3 /* Release */,
			);
			defaultConfigurationIsVisible = 0;
			defaultConfigurationName = Release;
		};
/* End XCConfigurationList section */

/* Begin XCRemoteSwiftPackageReference section */
		CC003BAC2E959782003C6EC3 /* XCRemoteSwiftPackageReference "firebase-ios-sdk" */ = {
			isa = XCRemoteSwiftPackageReference;
			repositoryURL = "https://github.com/firebase/firebase-ios-sdk";
			requirement = {
				kind = upToNextMajorVersion;
				minimumVersion = 12.4.0;
			};
		};
/* End XCRemoteSwiftPackageReference section */

/* Begin XCSwiftPackageProductDependency section */
		CC003BAD2E959782003C6EC3 /* FirebaseAuth */ = {
			isa = XCSwiftPackageProductDependency;
			package = CC003BAC2E959782003C6EC3 /* XCRemoteSwiftPackageReference "firebase-ios-sdk" */;
			productName = FirebaseAuth;
		};
		CC003BAF2E959782003C6EC3 /* FirebaseFirestore */ = {
			isa = XCSwiftPackageProductDependency;
			package = CC003BAC2E959782003C6EC3 /* XCRemoteSwiftPackageReference "firebase-ios-sdk" */;
			productName = FirebaseFirestore;
		};
		CC003BB12E959782003C6EC3 /* FirebaseStorage */ = {
			isa = XCSwiftPackageProductDependency;
			package = CC003BAC2E959782003C6EC3 /* XCRemoteSwiftPackageReference "firebase-ios-sdk" */;
			productName = FirebaseStorage;
		};
/* End XCSwiftPackageProductDependency section */
	};
	rootObject = CC003B582E9593E8003C6EC3 /* Project object */;
}
